
Microsoft Visual Studio Solution File, Format Version 12.00
# Visual Studio Version 17
VisualStudioVersion = 17.11.35327.3
MinimumVisualStudioVersion = 10.0.40219.1
Project("{2150E333-8FDC-42A3-9474-1A3956D46DE8}") = "Src", "Src", "{053B89DC-702D-4D4B-ABC5-680DFA66B092}"
EndProject
Project("{2150E333-8FDC-42A3-9474-1A3956D46DE8}") = "Common", "Common", "{3B8F4A1C-DE15-4307-A6F3-6E4510E03FD4}"
EndProject
Project("{2150E333-8FDC-42A3-9474-1A3956D46DE8}") = "Services", "Services", "{8B868257-CA36-403F-A664-11CE0147BF33}"
EndProject
Project("{2150E333-8FDC-42A3-9474-1A3956D46DE8}") = "IDPService", "IDPService", "{5A732703-AE32-4FFA-89DD-BF90EB06EA5B}"
EndProject
Project("{2150E333-8FDC-42A3-9474-1A3956D46DE8}") = "BasketService", "BasketService", "{1D773911-20AE-4BD9-BE44-F3B275D0B76B}"
EndProject
Project("{2150E333-8FDC-42A3-9474-1A3956D46DE8}") = "CatalogService", "CatalogService", "{BDA14714-2363-4BCE-828B-7A94AB03747F}"
EndProject
Project("{2150E333-8FDC-42A3-9474-1A3956D46DE8}") = "OrderService", "OrderService", "{D137F4FE-EC9A-4D76-BB4E-D155115E595E}"
EndProject
Project("{2150E333-8FDC-42A3-9474-1A3956D46DE8}") = "ReportService", "ReportService", "{FB7E8374-663C-4BC8-A9F0-8B31BD99E878}"
EndProject
Project("{2150E333-8FDC-42A3-9474-1A3956D46DE8}") = "SearchService", "SearchService", "{397CF5D3-54AD-4E59-B807-1D5840BD22FA}"
EndProject
Project("{FAE04EC0-301F-11D3-BF4B-00C04F79EFBC}") = "IDP.Api", "Src\Services\IDPService\IDP.Api\IDP.Api.csproj", "{F6B42F55-6E56-42B1-8C7D-7A4AED0707E2}"
EndProject
Project("{FAE04EC0-301F-11D3-BF4B-00C04F79EFBC}") = "IDP.Application", "Src\Services\IDPService\IDP.Application\IDP.Application.csproj", "{86C51619-AD38-47BD-9A07-CFA8BF88F6E6}"
EndProject
Project("{FAE04EC0-301F-11D3-BF4B-00C04F79EFBC}") = "IDP.Domain", "Src\Services\IDPService\IDP.Domain\IDP.Domain.csproj", "{0DE3A918-6812-43F2-9B77-9BFB7DE79BEC}"
EndProject
Project("{FAE04EC0-301F-11D3-BF4B-00C04F79EFBC}") = "IDP.Infrastructure", "Src\Services\IDPService\IDP.Infrastructure\IDP.Infrastructure.csproj", "{30A6AB5A-F3C8-4270-B78C-4DFF4B2498CF}"
EndProject
Project("{FAE04EC0-301F-11D3-BF4B-00C04F79EFBC}") = "IDP.Ioc", "Src\Services\IDPService\IDP.Ioc\IDP.Ioc.csproj", "{9D4C1010-77D3-4D36-A8FD-8374F0E69E17}"
EndProject
Project("{FAE04EC0-301F-11D3-BF4B-00C04F79EFBC}") = "IDP.UnitTest", "Src\Services\IDPService\IDP.UnitTest\IDP.UnitTest.csproj", "{9B7F74C5-F9F2-429F-9005-10A6C0B46823}"
EndProject
Global
	GlobalSection(SolutionConfigurationPlatforms) = preSolution
		Debug|Any CPU = Debug|Any CPU
		Release|Any CPU = Release|Any CPU
	EndGlobalSection
	GlobalSection(ProjectConfigurationPlatforms) = postSolution
		{F6B42F55-6E56-42B1-8C7D-7A4AED0707E2}.Debug|Any CPU.ActiveCfg = Debug|Any CPU
		{F6B42F55-6E56-42B1-8C7D-7A4AED0707E2}.Debug|Any CPU.Build.0 = Debug|Any CPU
		{F6B42F55-6E56-42B1-8C7D-7A4AED0707E2}.Release|Any CPU.ActiveCfg = Release|Any CPU
		{F6B42F55-6E56-42B1-8C7D-7A4AED0707E2}.Release|Any CPU.Build.0 = Release|Any CPU
		{86C51619-AD38-47BD-9A07-CFA8BF88F6E6}.Debug|Any CPU.ActiveCfg = Debug|Any CPU
		{86C51619-AD38-47BD-9A07-CFA8BF88F6E6}.Debug|Any CPU.Build.0 = Debug|Any CPU
		{86C51619-AD38-47BD-9A07-CFA8BF88F6E6}.Release|Any CPU.ActiveCfg = Release|Any CPU
		{86C51619-AD38-47BD-9A07-CFA8BF88F6E6}.Release|Any CPU.Build.0 = Release|Any CPU
		{0DE3A918-6812-43F2-9B77-9BFB7DE79BEC}.Debug|Any CPU.ActiveCfg = Debug|Any CPU
		{0DE3A918-6812-43F2-9B77-9BFB7DE79BEC}.Debug|Any CPU.Build.0 = Debug|Any CPU
		{0DE3A918-6812-43F2-9B77-9BFB7DE79BEC}.Release|Any CPU.ActiveCfg = Release|Any CPU
		{0DE3A918-6812-43F2-9B77-9BFB7DE79BEC}.Release|Any CPU.Build.0 = Release|Any CPU
		{30A6AB5A-F3C8-4270-B78C-4DFF4B2498CF}.Debug|Any CPU.ActiveCfg = Debug|Any CPU
		{30A6AB5A-F3C8-4270-B78C-4DFF4B2498CF}.Debug|Any CPU.Build.0 = Debug|Any CPU
		{30A6AB5A-F3C8-4270-B78C-4DFF4B2498CF}.Release|Any CPU.ActiveCfg = Release|Any CPU
		{30A6AB5A-F3C8-4270-B78C-4DFF4B2498CF}.Release|Any CPU.Build.0 = Release|Any CPU
		{9D4C1010-77D3-4D36-A8FD-8374F0E69E17}.Debug|Any CPU.ActiveCfg = Debug|Any CPU
		{9D4C1010-77D3-4D36-A8FD-8374F0E69E17}.Debug|Any CPU.Build.0 = Debug|Any CPU
		{9D4C1010-77D3-4D36-A8FD-8374F0E69E17}.Release|Any CPU.ActiveCfg = Release|Any CPU
		{9D4C1010-77D3-4D36-A8FD-8374F0E69E17}.Release|Any CPU.Build.0 = Release|Any CPU
		{9B7F74C5-F9F2-429F-9005-10A6C0B46823}.Debug|Any CPU.ActiveCfg = Debug|Any CPU
		{9B7F74C5-F9F2-429F-9005-10A6C0B46823}.Debug|Any CPU.Build.0 = Debug|Any CPU
		{9B7F74C5-F9F2-429F-9005-10A6C0B46823}.Release|Any CPU.ActiveCfg = Release|Any CPU
		{9B7F74C5-F9F2-429F-9005-10A6C0B46823}.Release|Any CPU.Build.0 = Release|Any CPU
	EndGlobalSection
	GlobalSection(SolutionProperties) = preSolution
		HideSolutionNode = FALSE
	EndGlobalSection
	GlobalSection(NestedProjects) = preSolution
		{3B8F4A1C-DE15-4307-A6F3-6E4510E03FD4} = {053B89DC-702D-4D4B-ABC5-680DFA66B092}
		{8B868257-CA36-403F-A664-11CE0147BF33} = {053B89DC-702D-4D4B-ABC5-680DFA66B092}
		{5A732703-AE32-4FFA-89DD-BF90EB06EA5B} = {8B868257-CA36-403F-A664-11CE0147BF33}
		{1D773911-20AE-4BD9-BE44-F3B275D0B76B} = {8B868257-CA36-403F-A664-11CE0147BF33}
		{BDA14714-2363-4BCE-828B-7A94AB03747F} = {8B868257-CA36-403F-A664-11CE0147BF33}
		{D137F4FE-EC9A-4D76-BB4E-D155115E595E} = {8B868257-CA36-403F-A664-11CE0147BF33}
		{FB7E8374-663C-4BC8-A9F0-8B31BD99E878} = {8B868257-CA36-403F-A664-11CE0147BF33}
		{397CF5D3-54AD-4E59-B807-1D5840BD22FA} = {8B868257-CA36-403F-A664-11CE0147BF33}
		{F6B42F55-6E56-42B1-8C7D-7A4AED0707E2} = {5A732703-AE32-4FFA-89DD-BF90EB06EA5B}
		{86C51619-AD38-47BD-9A07-CFA8BF88F6E6} = {5A732703-AE32-4FFA-89DD-BF90EB06EA5B}
		{0DE3A918-6812-43F2-9B77-9BFB7DE79BEC} = {5A732703-AE32-4FFA-89DD-BF90EB06EA5B}
		{30A6AB5A-F3C8-4270-B78C-4DFF4B2498CF} = {5A732703-AE32-4FFA-89DD-BF90EB06EA5B}
		{9D4C1010-77D3-4D36-A8FD-8374F0E69E17} = {5A732703-AE32-4FFA-89DD-BF90EB06EA5B}
		{9B7F74C5-F9F2-429F-9005-10A6C0B46823} = {5A732703-AE32-4FFA-89DD-BF90EB06EA5B}
	EndGlobalSection
	GlobalSection(ExtensibilityGlobals) = postSolution
		SolutionGuid = {3D524F4D-2F37-4BED-9FC3-31C8425C681B}
	EndGlobalSection
EndGlobal
